// !$*UTF8*$!
{
	archiveVersion = 1;
	classes = {
	};
	objectVersion = 39;
	objects = {
		080E96DDFE201D6D7F000001 = {
			children = (
				2E602F2B07A6D3FD00548080,
				2E602F2C07A6D3FD00548080,
				174B2766065CE31400ED6208,
				2EC57C2207947C8E00E19F87,
				2E6321D807A17DD40042E197,
				2E6321D907A17DD40042E197,
				2EDB06EE07A2752E00CE24F2,
				2EDB06EF07A2752E00CE24F2,
				2E5CA68C07A959B800541FA2,
				2E5CA68D07A959B800541FA2,
			);
			isa = PBXGroup;
			name = Classes;
			refType = 4;
			sourceTree = "<group>";
		};
		089C165CFE840E0CC02AAC07 = {
			children = (
				089C165DFE840E0CC02AAC07,
			);
			isa = PBXVariantGroup;
			name = InfoPlist.strings;
			refType = 4;
			sourceTree = "<group>";
		};
		089C165DFE840E0CC02AAC07 = {
			fileEncoding = 10;
			isa = PBXFileReference;
			lastKnownFileType = text.plist.strings;
			name = English;
			path = English.lproj/InfoPlist.strings;
			refType = 4;
			sourceTree = "<group>";
		};
//080
//081
//082
//083
//084
//100
//101
//102
//103
//104
		1058C7A0FEA54F0111CA2CBB = {
			children = (
				1058C7A1FEA54F0111CA2CBB,
			);
			isa = PBXGroup;
			name = "Linked Frameworks";
			refType = 4;
			sourceTree = "<group>";
		};
		1058C7A1FEA54F0111CA2CBB = {
			isa = PBXFileReference;
			lastKnownFileType = wrapper.framework;
			name = Cocoa.framework;
			path = /System/Library/Frameworks/Cocoa.framework;
			refType = 0;
			sourceTree = "<absolute>";
		};
		1058C7A2FEA54F0111CA2CBB = {
			children = (
				29B97325FDCFA39411CA2CEA,
				29B97324FDCFA39411CA2CEA,
			);
			isa = PBXGroup;
			name = "Other Frameworks";
			refType = 4;
			sourceTree = "<group>";
		};
//100
//101
//102
//103
//104
//170
//171
//172
//173
//174
		174B2766065CE31400ED6208 = {
			fileEncoding = 4;
			isa = PBXFileReference;
			lastKnownFileType = sourcecode.c.h;
			path = AppDelegate.h;
			refType = 4;
			sourceTree = "<group>";
		};
		174B2768065CE31400ED6208 = {
			fileRef = 174B2766065CE31400ED6208;
			isa = PBXBuildFile;
			settings = {
			};
		};
//170
//171
//172
//173
//174
//190
//191
//192
//193
//194
		19C28FACFE9D520D11CA2CBB = {
			children = (
				8D1107320486CEB800E47090,
			);
			isa = PBXGroup;
			name = Products;
			refType = 4;
			sourceTree = "<group>";
		};
//190
//191
//192
//193
//194
//290
//291
//292
//293
//294
		29B97313FDCFA39411CA2CEA = {
			buildSettings = {
			};
			buildStyles = (
				4A9504CCFFE6A4B311CA0CBA,
				4A9504CDFFE6A4B311CA0CBA,
			);
			hasScannedForEncodings = 1;
			isa = PBXProject;
			mainGroup = 29B97314FDCFA39411CA2CEA;
			projectDirPath = "";
			targets = (
				8D1107260486CEB800E47090,
			);
		};
		29B97314FDCFA39411CA2CEA = {
			children = (
				080E96DDFE201D6D7F000001,
				29B97315FDCFA39411CA2CEA,
				2E00A43A079DEC52003240AA,
				29B97317FDCFA39411CA2CEA,
				29B97323FDCFA39411CA2CEA,
				19C28FACFE9D520D11CA2CBB,
			);
			isa = PBXGroup;
			name = Instiki;
			path = "";
			refType = 4;
			sourceTree = "<group>";
		};
		29B97315FDCFA39411CA2CEA = {
			children = (
				2EC57C2407947CA200E19F87,
				32CA4F630368D1EE00C91783,
			);
			isa = PBXGroup;
			name = "Other Sources";
			path = "";
			refType = 4;
			sourceTree = "<group>";
		};
		29B97317FDCFA39411CA2CEA = {
			children = (
				2E5CA62407B15DB60084C2FA,
				2E77AA74079DC5D3007B1F06,
				2E7796DA079DC2B0007B1F06,
				2EF8D175079C539B008D4F71,
				8D1107310486CEB800E47090,
				089C165CFE840E0CC02AAC07,
				2E6F213707AF6056008156EE,
				29B97318FDCFA39411CA2CEA,
				2E6321F007A17F690042E197,
			);
			isa = PBXGroup;
			name = Resources;
			path = "";
			refType = 4;
			sourceTree = "<group>";
		};
		29B97318FDCFA39411CA2CEA = {
			children = (
				29B97319FDCFA39411CA2CEA,
				2E21CBAE07AEFB9300A225C4,
			);
			isa = PBXVariantGroup;
			name = MainMenu.nib;
			path = "";
			refType = 4;
			sourceTree = "<group>";
		};
		29B97319FDCFA39411CA2CEA = {
			isa = PBXFileReference;
			lastKnownFileType = wrapper.nib;
			name = English;
			path = English.lproj/MainMenu.nib;
			refType = 4;
			sourceTree = "<group>";
		};
		29B97323FDCFA39411CA2CEA = {
			children = (
				2E77AA96079DE14B007B1F06,
				2EF3A24A07A4790000DD39CA,
				2EB22A3D07A3C97D00B4F17C,
				1058C7A0FEA54F0111CA2CBB,
				1058C7A2FEA54F0111CA2CBB,
			);
			isa = PBXGroup;
			name = Frameworks;
			path = "";
			refType = 4;
			sourceTree = "<group>";
		};
		29B97324FDCFA39411CA2CEA = {
			isa = PBXFileReference;
			lastKnownFileType = wrapper.framework;
			name = AppKit.framework;
			path = /System/Library/Frameworks/AppKit.framework;
			refType = 0;
			sourceTree = "<absolute>";
		};
		29B97325FDCFA39411CA2CEA = {
			isa = PBXFileReference;
			lastKnownFileType = wrapper.framework;
			name = Foundation.framework;
			path = /System/Library/Frameworks/Foundation.framework;
			refType = 0;
			sourceTree = "<absolute>";
		};
//290
//291
//292
//293
//294
//2E0
//2E1
//2E2
//2E3
//2E4
		2E00A43A079DEC52003240AA = {
			children = (
				2EEA126507B15C85001C04E9,
				2EEA126607B15C85001C04E9,
				2E00AC50079DEF45003240AA,
				2EF0BFE607C91809007066C6,
				2E00AB57079DEF3A003240AA,
				2E00AB53079DEF25003240AA,
				2E00A538079DEC7F003240AA,
			);
			isa = PBXGroup;
			name = WikiBootstrap;
			path = generated/WikiBootstrap;
			refType = 4;
			sourceTree = "<group>";
		};
		2E00A538079DEC7F003240AA = {
			isa = PBXFileReference;
			lastKnownFileType = file;
			path = instance.tar.bz2;
			refType = 4;
			sourceTree = "<group>";
		};
		2E00AB53079DEF25003240AA = {
			isa = PBXFileReference;
			lastKnownFileType = folder;
			path = bin;
			refType = 4;
			sourceTree = "<group>";
		};
		2E00AB57079DEF3A003240AA = {
			isa = PBXFileReference;
			lastKnownFileType = folder;
			path = htdocs;
			refType = 4;
			sourceTree = "<group>";
		};
		2E00AC50079DEF45003240AA = {
			isa = PBXFileReference;
			lastKnownFileType = folder;
			path = pythonlib;
			refType = 4;
			sourceTree = "<group>";
		};
		2E21CBAE07AEFB9300A225C4 = {
			isa = PBXFileReference;
			lastKnownFileType = wrapper.nib;
			name = German;
			path = German.lproj/MainMenu.nib;
			refType = 4;
			sourceTree = "<group>";
		};
		2E21CBB907AEFC9400A225C4 = {
			isa = PBXFileReference;
			lastKnownFileType = wrapper.nib;
			name = German;
			path = German.lproj/Preferences.nib;
			refType = 4;
			sourceTree = "<group>";
		};
		2E28594B07996E1B00E19C47 = {
			buildActionMask = 2147483647;
			files = (
			);
			inputPaths = (
			);
			isa = PBXShellScriptBuildPhase;
			outputPaths = (
			);
			runOnlyForDeploymentPostprocessing = 0;
			shellPath = /bin/sh;
			shellScript = "";
		};
		2E5CA62407B15DB60084C2FA = {
			fileEncoding = 5;
			isa = PBXFileReference;
			lastKnownFileType = text;
			path = LICENSE;
			refType = 4;
			sourceTree = "<group>";
		};
		2E5CA62507B15DB60084C2FA = {
			fileRef = 2E5CA62407B15DB60084C2FA;
			isa = PBXBuildFile;
			settings = {
			};
		};
		2E5CA68C07A959B800541FA2 = {
			fileEncoding = 4;
			isa = PBXFileReference;
			lastKnownFileType = sourcecode.c.h;
			path = WikiModel.h;
			refType = 4;
			sourceTree = "<group>";
		};
		2E5CA68D07A959B800541FA2 = {
			fileEncoding = 4;
			isa = PBXFileReference;
			lastKnownFileType = sourcecode.c.objc;
			path = WikiModel.m;
			refType = 4;
			sourceTree = "<group>";
		};
		2E5CA68E07A959B800541FA2 = {
			fileRef = 2E5CA68C07A959B800541FA2;
			isa = PBXBuildFile;
			settings = {
			};
		};
		2E5CA68F07A959B800541FA2 = {
			fileRef = 2E5CA68D07A959B800541FA2;
			isa = PBXBuildFile;
			settings = {
			};
		};
		2E602F2B07A6D3FD00548080 = {
			fileEncoding = 5;
			isa = PBXFileReference;
			lastKnownFileType = sourcecode.c.h;
			path = Archiver.h;
			refType = 4;
			sourceTree = "<group>";
		};
		2E602F2C07A6D3FD00548080 = {
			fileEncoding = 5;
			isa = PBXFileReference;
			lastKnownFileType = sourcecode.c.objc;
			path = Archiver.m;
			refType = 4;
			sourceTree = "<group>";
		};
		2E602F2D07A6D3FD00548080 = {
			fileRef = 2E602F2B07A6D3FD00548080;
			isa = PBXBuildFile;
			settings = {
			};
		};
		2E602F2E07A6D3FD00548080 = {
			fileRef = 2E602F2C07A6D3FD00548080;
			isa = PBXBuildFile;
			settings = {
			};
		};
		2E6321D807A17DD40042E197 = {
			fileEncoding = 4;
			isa = PBXFileReference;
			lastKnownFileType = sourcecode.c.h;
			path = PreferenceController.h;
			refType = 4;
			sourceTree = "<group>";
		};
		2E6321D907A17DD40042E197 = {
			fileEncoding = 4;
			isa = PBXFileReference;
			lastKnownFileType = sourcecode.c.objc;
			path = PreferenceController.m;
			refType = 4;
			sourceTree = "<group>";
		};
		2E6321DA07A17DD40042E197 = {
			fileRef = 2E6321D807A17DD40042E197;
			isa = PBXBuildFile;
			settings = {
			};
		};
		2E6321DB07A17DD40042E197 = {
			fileRef = 2E6321D907A17DD40042E197;
			isa = PBXBuildFile;
			settings = {
			};
		};
		2E6321F007A17F690042E197 = {
			children = (
				2E6321F107A17F690042E197,
				2E21CBB907AEFC9400A225C4,
			);
			isa = PBXVariantGroup;
			name = Preferences.nib;
			path = "";
			refType = 4;
			sourceTree = "<group>";
		};
		2E6321F107A17F690042E197 = {
			isa = PBXFileReference;
			lastKnownFileType = wrapper.nib;
			name = English;
			path = English.lproj/Preferences.nib;
			refType = 4;
			sourceTree = "<group>";
		};
		2E6321F207A17F690042E197 = {
			fileRef = 2E6321F007A17F690042E197;
			isa = PBXBuildFile;
			settings = {
			};
		};
		2E6F213707AF6056008156EE = {
			children = (
				2E6F213807AF6056008156EE,
				2E6F214207AF61E7008156EE,
			);
			isa = PBXVariantGroup;
			name = Localizable.strings;
			path = "";
			refType = 4;
			sourceTree = "<group>";
		};
		2E6F213807AF6056008156EE = {
			fileEncoding = 4;
			isa = PBXFileReference;
			lastKnownFileType = text.plist.strings;
			name = English;
			path = English.lproj/Localizable.strings;
			refType = 4;
			sourceTree = "<group>";
		};
		2E6F213907AF6056008156EE = {
			fileRef = 2E6F213707AF6056008156EE;
			isa = PBXBuildFile;
			settings = {
			};
		};
		2E6F214207AF61E7008156EE = {
			fileEncoding = 4;
			isa = PBXFileReference;
			lastKnownFileType = text.plist.strings;
			name = German;
			path = German.lproj/Localizable.strings;
			refType = 4;
			sourceTree = "<group>";
		};
		2E7796DA079DC2B0007B1F06 = {
			children = (
				2E7796DB079DC2B0007B1F06,
			);
			isa = PBXVariantGroup;
			name = Credits.rtf;
			path = "";
			refType = 4;
			sourceTree = "<group>";
		};
		2E7796DB079DC2B0007B1F06 = {
			isa = PBXFileReference;
			lastKnownFileType = text.rtf;
			name = English;
			path = English.lproj/Credits.rtf;
			refType = 4;
			sourceTree = "<group>";
		};
		2E7796DC079DC2B0007B1F06 = {
			fileRef = 2E7796DA079DC2B0007B1F06;
			isa = PBXBuildFile;
			settings = {
			};
		};
		2E77AA74079DC5D3007B1F06 = {
			isa = PBXFileReference;
			lastKnownFileType = image.icns;
			path = MoinX.icns;
			refType = 4;
			sourceTree = "<group>";
		};
		2E77AA75079DC5D3007B1F06 = {
			fileRef = 2E77AA74079DC5D3007B1F06;
			isa = PBXBuildFile;
			settings = {
			};
		};
		2E77AA96079DE14B007B1F06 = {
			isa = PBXFileReference;
			lastKnownFileType = archive.ar;
			name = libarchive.a;
			path = generated/build/lib/libarchive.a;
			refType = 4;
			sourceTree = "<group>";
		};
		2EB22A3D07A3C97D00B4F17C = {
			isa = PBXFileReference;
			lastKnownFileType = archive.ar;
			name = libbz2.a;
			path = /usr/lib/libbz2.a;
			refType = 0;
			sourceTree = "<absolute>";
		};
		2EB7758807B3F60800A40E00 = {
			fileRef = 2EF8D175079C539B008D4F71;
			isa = PBXBuildFile;
			settings = {
			};
		};
		2EB7758A07B3F60F00A40E00 = {
			fileRef = 29B97324FDCFA39411CA2CEA;
			isa = PBXBuildFile;
			settings = {
			};
		};
		2EB7758B07B3F61100A40E00 = {
			fileRef = 2E00AB53079DEF25003240AA;
			isa = PBXBuildFile;
			settings = {
			};
		};
		2EB7758C07B3F61200A40E00 = {
			fileRef = 29B97325FDCFA39411CA2CEA;
			isa = PBXBuildFile;
			settings = {
			};
		};
		2EB7758D07B3F61300A40E00 = {
			fileRef = 2E00AB57079DEF3A003240AA;
			isa = PBXBuildFile;
			settings = {
			};
		};
		2EB7758E07B3F61400A40E00 = {
			fileRef = 8D1107310486CEB800E47090;
			isa = PBXBuildFile;
			settings = {
			};
		};
		2EB7758F07B3F61600A40E00 = {
			fileRef = 2E00AC50079DEF45003240AA;
			isa = PBXBuildFile;
			settings = {
			};
		};
		2EB7759907B3F6CC00A40E00 = {
			fileRef = 2E77AA96079DE14B007B1F06;
			isa = PBXBuildFile;
			settings = {
			};
		};
		2EB7759A07B3F6CE00A40E00 = {
			fileRef = 2EB22A3D07A3C97D00B4F17C;
			isa = PBXBuildFile;
			settings = {
			};
		};
		2EB7759B07B3F6D100A40E00 = {
			fileRef = 2EF3A24A07A4790000DD39CA;
			isa = PBXBuildFile;
			settings = {
			};
		};
		2EB7759C07B3F6D400A40E00 = {
			fileRef = 2EEA126507B15C85001C04E9;
			isa = PBXBuildFile;
			settings = {
			};
		};
		2EB7759D07B3F6D500A40E00 = {
			fileRef = 2EEA126607B15C85001C04E9;
			isa = PBXBuildFile;
			settings = {
			};
		};
		2EB7759E07B3F6E000A40E00 = {
			fileRef = 2E00A538079DEC7F003240AA;
			isa = PBXBuildFile;
			settings = {
			};
		};
		2EC57C2207947C8E00E19F87 = {
			fileEncoding = 5;
			isa = PBXFileReference;
			lastKnownFileType = sourcecode.c.objc;
			path = AppDelegate.m;
			refType = 4;
			sourceTree = "<group>";
		};
		2EC57C2307947C8E00E19F87 = {
			fileRef = 2EC57C2207947C8E00E19F87;
			isa = PBXBuildFile;
			settings = {
			};
		};
		2EC57C2407947CA200E19F87 = {
			fileEncoding = 5;
			isa = PBXFileReference;
			lastKnownFileType = sourcecode.c.objc;
			path = main.m;
			refType = 4;
			sourceTree = "<group>";
		};
		2EC57C2507947CA200E19F87 = {
			fileRef = 2EC57C2407947CA200E19F87;
			isa = PBXBuildFile;
			settings = {
			};
		};
		2EDB06EE07A2752E00CE24F2 = {
			fileEncoding = 4;
			isa = PBXFileReference;
			lastKnownFileType = sourcecode.c.h;
			path = Wiki.h;
			refType = 4;
			sourceTree = "<group>";
		};
		2EDB06EF07A2752E00CE24F2 = {
			fileEncoding = 4;
			isa = PBXFileReference;
			lastKnownFileType = sourcecode.c.objc;
			path = Wiki.m;
			refType = 4;
			sourceTree = "<group>";
		};
		2EDB06F007A2752E00CE24F2 = {
			fileRef = 2EDB06EE07A2752E00CE24F2;
			isa = PBXBuildFile;
			settings = {
			};
		};
		2EDB06F107A2752E00CE24F2 = {
			fileRef = 2EDB06EF07A2752E00CE24F2;
			isa = PBXBuildFile;
			settings = {
			};
		};
		2EEA126507B15C85001C04E9 = {
			fileEncoding = 5;
			isa = PBXFileReference;
			lastKnownFileType = text;
			path = LICENSE.MoinMoin;
			refType = 4;
			sourceTree = "<group>";
		};
		2EEA126607B15C85001C04E9 = {
			fileEncoding = 5;
			isa = PBXFileReference;
			lastKnownFileType = text;
			path = LICENSE.Twisted;
			refType = 4;
			sourceTree = "<group>";
		};
		2EF0BFE607C91809007066C6 = {
			isa = PBXFileReference;
			lastKnownFileType = folder;
			path = pyrun;
			refType = 4;
			sourceTree = "<group>";
		};
		2EF0BFEA07C91809007066C6 = {
			fileRef = 2EF0BFE607C91809007066C6;
			isa = PBXBuildFile;
			settings = {
			};
		};
		2EF3A24A07A4790000DD39CA = {
			isa = PBXFileReference;
			lastKnownFileType = "compiled.mach-o.dylib";
			name = libz.dylib;
			path = /usr/lib/libz.dylib;
			refType = 0;
			sourceTree = "<absolute>";
		};
		2EF8D175079C539B008D4F71 = {
			isa = PBXFileReference;
			lastKnownFileType = image.tiff;
			path = MoinX_statusmenuicon.tif;
			refType = 4;
			sourceTree = "<group>";
		};
//2E0
//2E1
//2E2
//2E3
//2E4
//320
//321
//322
//323
//324
		32CA4F630368D1EE00C91783 = {
			fileEncoding = 4;
			isa = PBXFileReference;
			lastKnownFileType = sourcecode.c.h;
			path = MoinX_Prefix.pch;
			refType = 4;
			sourceTree = "<group>";
		};
//320
//321
//322
//323
//324
//4A0
//4A1
//4A2
//4A3
//4A4
		4A9504CCFFE6A4B311CA0CBA = {
			buildSettings = {
				COPY_PHASE_STRIP = NO;
				DEBUGGING_SYMBOLS = YES;
				GCC_DYNAMIC_NO_PIC = NO;
				GCC_ENABLE_FIX_AND_CONTINUE = YES;
				GCC_GENERATE_DEBUGGING_SYMBOLS = YES;
				GCC_OPTIMIZATION_LEVEL = 0;
				OPTIMIZATION_CFLAGS = "-O0";
				ZERO_LINK = YES;
			};
			isa = PBXBuildStyle;
			name = Development;
		};
		4A9504CDFFE6A4B311CA0CBA = {
			buildSettings = {
				COPY_PHASE_STRIP = YES;
				GCC_ENABLE_FIX_AND_CONTINUE = NO;
				ZERO_LINK = NO;
			};
			isa = PBXBuildStyle;
			name = Deployment;
		};
//4A0
//4A1
//4A2
//4A3
//4A4
//8D0
//8D1
//8D2
//8D3
//8D4
		8D1107260486CEB800E47090 = {
			buildPhases = (
				8D1107270486CEB800E47090,
				8D1107290486CEB800E47090,
				8D11072C0486CEB800E47090,
				8D11072E0486CEB800E47090,
				2E28594B07996E1B00E19C47,
			);
			buildRules = (
			);
			buildSettings = {
				FRAMEWORK_SEARCH_PATHS = "";
				GCC_ENABLE_TRIGRAPHS = NO;
				GCC_GENERATE_DEBUGGING_SYMBOLS = NO;
				GCC_PRECOMPILE_PREFIX_HEADER = YES;
				GCC_PREFIX_HEADER = MoinX_Prefix.pch;
				GCC_WARN_ABOUT_MISSING_PROTOTYPES = NO;
				GCC_WARN_FOUR_CHARACTER_CONSTANTS = NO;
				GCC_WARN_UNKNOWN_PRAGMAS = NO;
				HEADER_SEARCH_PATHS = generated/build/include;
				INFOPLIST_FILE = Info.plist;
				INSTALL_PATH = "$(HOME)/Applications";
				LIBRARY_SEARCH_PATHS = "generated/build/lib /Users/bwolf/Development/moinx/generated/build/lib";
				OTHER_CFLAGS = "";
				OTHER_LDFLAGS = "";
				PRODUCT_NAME = MoinX;
				SECTORDER_FLAGS = "";
				WARNING_CFLAGS = "-Wmost -Wno-four-char-constants -Wno-unknown-pragmas";
				WRAPPER_EXTENSION = app;
			};
			dependencies = (
			);
			isa = PBXNativeTarget;
			name = MoinX;
			productInstallPath = "$(HOME)/Applications";
			productName = Instiki;
			productReference = 8D1107320486CEB800E47090;
			productType = "com.apple.product-type.application";
		};
		8D1107270486CEB800E47090 = {
			buildActionMask = 2147483647;
			files = (
				8D1107280486CEB800E47090,
				174B2768065CE31400ED6208,
				2E6321DA07A17DD40042E197,
				2EDB06F007A2752E00CE24F2,
				2E602F2D07A6D3FD00548080,
				2E5CA68E07A959B800541FA2,
			);
			isa = PBXHeadersBuildPhase;
			runOnlyForDeploymentPostprocessing = 0;
		};
		8D1107280486CEB800E47090 = {
			fileRef = 32CA4F630368D1EE00C91783;
			isa = PBXBuildFile;
			settings = {
			};
		};
		8D1107290486CEB800E47090 = {
			buildActionMask = 2147483647;
			files = (
				8D11072A0486CEB800E47090,
				8D11072B0486CEB800E47090,
				2E7796DC079DC2B0007B1F06,
				2E77AA75079DC5D3007B1F06,
				2E6321F207A17F690042E197,
				2E6F213907AF6056008156EE,
				2E5CA62507B15DB60084C2FA,
				2EB7758807B3F60800A40E00,
				2EB7758B07B3F61100A40E00,
				2EB7758D07B3F61300A40E00,
				2EB7758E07B3F61400A40E00,
				2EB7758F07B3F61600A40E00,
				2EB7759C07B3F6D400A40E00,
				2EB7759D07B3F6D500A40E00,
				2EB7759E07B3F6E000A40E00,
				2EF0BFEA07C91809007066C6,
			);
			isa = PBXResourcesBuildPhase;
			runOnlyForDeploymentPostprocessing = 0;
		};
		8D11072A0486CEB800E47090 = {
			fileRef = 29B97318FDCFA39411CA2CEA;
			isa = PBXBuildFile;
			settings = {
			};
		};
		8D11072B0486CEB800E47090 = {
			fileRef = 089C165CFE840E0CC02AAC07;
			isa = PBXBuildFile;
			settings = {
			};
		};
		8D11072C0486CEB800E47090 = {
			buildActionMask = 2147483647;
			files = (
				2EC57C2307947C8E00E19F87,
				2EC57C2507947CA200E19F87,
				2E6321DB07A17DD40042E197,
				2EDB06F107A2752E00CE24F2,
				2E602F2E07A6D3FD00548080,
				2E5CA68F07A959B800541FA2,
			);
			isa = PBXSourcesBuildPhase;
			runOnlyForDeploymentPostprocessing = 0;
		};
		8D11072E0486CEB800E47090 = {
			buildActionMask = 2147483647;
			files = (
				8D11072F0486CEB800E47090,
				2EB7758A07B3F60F00A40E00,
				2EB7758C07B3F61200A40E00,
				2EB7759907B3F6CC00A40E00,
				2EB7759A07B3F6CE00A40E00,
				2EB7759B07B3F6D100A40E00,
			);
			isa = PBXFrameworksBuildPhase;
			runOnlyForDeploymentPostprocessing = 0;
		};
		8D11072F0486CEB800E47090 = {
			fileRef = 1058C7A1FEA54F0111CA2CBB;
			isa = PBXBuildFile;
			settings = {
			};
		};
		8D1107310486CEB800E47090 = {
			fileEncoding = 4;
			isa = PBXFileReference;
			lastKnownFileType = text.plist;
			path = Info.plist;
			refType = 4;
			sourceTree = "<group>";
		};
		8D1107320486CEB800E47090 = {
			explicitFileType = wrapper.application;
			includeInIndex = 0;
			isa = PBXFileReference;
			path = MoinX.app;
			refType = 3;
			sourceTree = BUILT_PRODUCTS_DIR;
		};
	};
	rootObject = 29B97313FDCFA39411CA2CEA;
}
